
Microsoft Visual Studio Solution File, Format Version 12.00
# Visual Studio Version 17
VisualStudioVersion = 17.6.33829.357
MinimumVisualStudioVersion = 10.0.40219.1
Project("{FAE04EC0-301F-11D3-BF4B-00C04F79EFBC}") = "FriedLexer", "FriedLexer\FriedLexer.csproj", "{C0661984-90DC-4723-B47A-9381AFBFF352}"
EndProject
Project("{FAE04EC0-301F-11D3-BF4B-00C04F79EFBC}") = "FriedLexerConsole", "FriedLexerConsole\FriedLexerConsole.csproj", "{704427EA-6D5B-4177-A65A-11DE3D701E29}"
EndProject
Global
	GlobalSection(SolutionConfigurationPlatforms) = preSolution
		Debug|Any CPU = Debug|Any CPU
		Release|Any CPU = Release|Any CPU
	EndGlobalSection
	GlobalSection(ProjectConfigurationPlatforms) = postSolution
		{C0661984-90DC-4723-B47A-9381AFBFF352}.Debug|Any CPU.ActiveCfg = Debug|Any CPU
		{C0661984-90DC-4723-B47A-9381AFBFF352}.Debug|Any CPU.Build.0 = Debug|Any CPU
		{C0661984-90DC-4723-B47A-9381AFBFF352}.Release|Any CPU.ActiveCfg = Release|Any CPU
		{C0661984-90DC-4723-B47A-9381AFBFF352}.Release|Any CPU.Build.0 = Release|Any CPU
		{704427EA-6D5B-4177-A65A-11DE3D701E29}.Debug|Any CPU.ActiveCfg = Debug|Any CPU
		{704427EA-6D5B-4177-A65A-11DE3D701E29}.Debug|Any CPU.Build.0 = Debug|Any CPU
		{704427EA-6D5B-4177-A65A-11DE3D701E29}.Release|Any CPU.ActiveCfg = Release|Any CPU
		{704427EA-6D5B-4177-A65A-11DE3D701E29}.Release|Any CPU.Build.0 = Release|Any CPU
	EndGlobalSection
	GlobalSection(SolutionProperties) = preSolution
		HideSolutionNode = FALSE
	EndGlobalSection
	GlobalSection(ExtensibilityGlobals) = postSolution
		SolutionGuid = {5FFFA5C2-26AE-4A02-B23D-E5D05B02444D}
	EndGlobalSection
EndGlobal
